
Microsoft Visual Studio Solution File, Format Version 12.00
# Visual Studio Version 17
VisualStudioVersion = 17.7.34031.279
MinimumVisualStudioVersion = 10.0.40219.1
Project("{FAE04EC0-301F-11D3-BF4B-00C04F79EFBC}") = "DCSInsight", "DCSInsight.csproj", "{63728510-B9A9-4ECE-8CF7-272E2D116BD3}"
EndProject
Global
	GlobalSection(SolutionConfigurationPlatforms) = preSolution
		Debug|Any CPU = Debug|Any CPU
		Release|Any CPU = Release|Any CPU
	EndGlobalSection
	GlobalSection(ProjectConfigurationPlatforms) = postSolution
		{63728510-B9A9-4ECE-8CF7-272E2D116BD3}.Debug|Any CPU.ActiveCfg = Debug|Any CPU
		{63728510-B9A9-4ECE-8CF7-272E2D116BD3}.Debug|Any CPU.Build.0 = Debug|Any CPU
		{63728510-B9A9-4ECE-8CF7-272E2D116BD3}.Release|Any CPU.ActiveCfg = Release|Any CPU
		{63728510-B9A9-4ECE-8CF7-272E2D116BD3}.Release|Any CPU.Build.0 = Release|Any CPU
	EndGlobalSection
	GlobalSection(SolutionProperties) = preSolution
		HideSolutionNode = FALSE
	EndGlobalSection
	GlobalSection(ExtensibilityGlobals) = postSolution
		SolutionGuid = {DD161223-6F61-4239-9A94-43E8AE73D2EF}
	EndGlobalSection
EndGlobal
